
Microsoft Visual Studio Solution File, Format Version 12.00
# Visual Studio Version 17
VisualStudioVersion = 17.14.36930.0 d17.14
MinimumVisualStudioVersion = 10.0.40219.1
Project("{FAE04EC0-301F-11D3-BF4B-00C04F79EFBC}") = "Jugadores", "Jugadores.csproj", "{6DAC28B4-876E-421B-9C50-B207EF1A6898}"
EndProject
Project("{FAE04EC0-301F-11D3-BF4B-00C04F79EFBC}") = "TestJugador", "..\TestJugador\TestJugador.csproj", "{D3A8C114-C61D-448C-A391-51BC5228F184}"
EndProject
Global
	GlobalSection(SolutionConfigurationPlatforms) = preSolution
		Debug|Any CPU = Debug|Any CPU
		Release|Any CPU = Release|Any CPU
	EndGlobalSection
	GlobalSection(ProjectConfigurationPlatforms) = postSolution
		{6DAC28B4-876E-421B-9C50-B207EF1A6898}.Debug|Any CPU.ActiveCfg = Debug|Any CPU
		{6DAC28B4-876E-421B-9C50-B207EF1A6898}.Debug|Any CPU.Build.0 = Debug|Any CPU
		{6DAC28B4-876E-421B-9C50-B207EF1A6898}.Release|Any CPU.ActiveCfg = Release|Any CPU
		{6DAC28B4-876E-421B-9C50-B207EF1A6898}.Release|Any CPU.Build.0 = Release|Any CPU
		{D3A8C114-C61D-448C-A391-51BC5228F184}.Debug|Any CPU.ActiveCfg = Debug|Any CPU
		{D3A8C114-C61D-448C-A391-51BC5228F184}.Debug|Any CPU.Build.0 = Debug|Any CPU
		{D3A8C114-C61D-448C-A391-51BC5228F184}.Release|Any CPU.ActiveCfg = Release|Any CPU
		{D3A8C114-C61D-448C-A391-51BC5228F184}.Release|Any CPU.Build.0 = Release|Any CPU
	EndGlobalSection
	GlobalSection(SolutionProperties) = preSolution
		HideSolutionNode = FALSE
	EndGlobalSection
	GlobalSection(ExtensibilityGlobals) = postSolution
		SolutionGuid = {3B6E10EC-9C85-4508-B503-7037FDA3BE35}
	EndGlobalSection
EndGlobal
